// !$*UTF8*$!
{
	archiveVersion = 1;
	classes = {
	};
	objectVersion = 77;
	objects = {

/* Begin PBXBuildFile section */
		0374E4CECF1E7B519B55F9D6 /* LOVBTeams.swift in Sources */ = {isa = PBXBuildFile; fileRef = 0208E4243848E572AD21FAE7 /* LOVBTeams.swift */; };
		0622486A6CCE23F2EBAE2BD2 /* TeamSortingTests.swift in Sources */ = {isa = PBXBuildFile; fileRef = EA9714E350C0AA34B7FD93F7 /* TeamSortingTests.swift */; };
		0831C675F872FBF66FE2A7EC /* PhotoCreditsView.swift in Sources */ = {isa = PBXBuildFile; fileRef = E539BE3234298C596785F64A /* PhotoCreditsView.swift */; };
		126FBDA77929250F5A66F2C6 /* american-family-field.jpg in Resources */ = {isa = PBXBuildFile; fileRef = 8EEF9FBFA99589FAE91A7AE2 /* american-family-field.jpg */; };
		13EFC1E966CC5A2F51178CFD /* SeenAtActivityAttributes.swift in Sources */ = {isa = PBXBuildFile; fileRef = 0AC4D2DDA30809D7C0B15006 /* SeenAtActivityAttributes.swift */; };
		17C4ED574ECB3CCC4BCDCE05 /* busch-stadium.jpg in Resources */ = {isa = PBXBuildFile; fileRef = CE81F8A028EB54FAAEFEC6FA /* busch-stadium.jpg */; };
		17ECCA753B393F291979F114 /* Color+Hex.swift in Sources */ = {isa = PBXBuildFile; fileRef = F62CBFA00303EFF7D981B124 /* Color+Hex.swift */; };
		1CE77FD2A217FA490BB4F188 /* citi-field.jpg in Resources */ = {isa = PBXBuildFile; fileRef = 34ED6A54E5DC34E7D2996DC0 /* citi-field.jpg */; };
		22B41B8A2C32F3C5FBB2759F /* HomeView.swift in Sources */ = {isa = PBXBuildFile; fileRef = F95C68037D85FC788449B5FE /* HomeView.swift */; };
		2BB399BD07598649749542DD /* citizens-bank-park.jpg in Resources */ = {isa = PBXBuildFile; fileRef = DED9A12BF97332CE7FF27AB0 /* citizens-bank-park.jpg */; };
		2E0785E0A83989EDE948709C /* EventTests.swift in Sources */ = {isa = PBXBuildFile; fileRef = 82AABEEA51963D624F5E1ECF /* EventTests.swift */; };
		2EE123FFF2EF7EEEC6DF4DB0 /* daikin-park.jpg in Resources */ = {isa = PBXBuildFile; fileRef = 458C83F026063170925FA42A /* daikin-park.jpg */; };
		2FE2E59B93EBF38EC3ADFD2E /* SearchView.swift in Sources */ = {isa = PBXBuildFile; fileRef = 6877C6DFBECAD563382283B2 /* SearchView.swift */; };
		3012836679845AD44B5CCB3A /* TestDataFactory.swift in Sources */ = {isa = PBXBuildFile; fileRef = 8677173C21E6E26B97D5DF9F /* TestDataFactory.swift */; };
		31571970CEB6D0993BFDC7E4 /* FavoriteTeamsView.swift in Sources */ = {isa = PBXBuildFile; fileRef = 3A76A23F5AC06EF0D59016C7 /* FavoriteTeamsView.swift */; };
		31951369C72660F34562031C /* Urbanist-Bold.ttf in Resources */ = {isa = PBXBuildFile; fileRef = A13D9DA43ADDED66D220DCA5 /* Urbanist-Bold.ttf */; };
		32CBF1991AAB2011F1BA52FB /* ActivityViewController.swift in Sources */ = {isa = PBXBuildFile; fileRef = 7F8376A05AA0DF8B9D92F40B /* ActivityViewController.swift */; };
		330A1A53A79189E262E77E33 /* MLBAPIService.swift in Sources */ = {isa = PBXBuildFile; fileRef = E868B332592B68CC3070E304 /* MLBAPIService.swift */; };
		34BD7A50043B22F1C0091E56 /* TestModelContainer.swift in Sources */ = {isa = PBXBuildFile; fileRef = B30AA9D41D92B6B7ADE795F7 /* TestModelContainer.swift */; };
		35FEA209574B5095AD4BC384 /* SeedData.swift in Sources */ = {isa = PBXBuildFile; fileRef = 82D47D502FC040B51F68748F /* SeedData.swift */; };
		385F4A66CC3971373210F0F3 /* oracle-park.jpg in Resources */ = {isa = PBXBuildFile; fileRef = 1EAC0F73DA140906D27CE94F /* oracle-park.jpg */; };
		39FECB4B690F49A4B1509854 /* StatsView.swift in Sources */ = {isa = PBXBuildFile; fileRef = 107E081D98D1593521BD6ECF /* StatsView.swift */; };
		3FC5573B1C1350B9E9D5AE8F /* GameSortingTests.swift in Sources */ = {isa = PBXBuildFile; fileRef = EE5BAC7836DCD18C4FED123A /* GameSortingTests.swift */; };
		3FE691CC39AF55D0C10B1FDB /* MLBTeams.swift in Sources */ = {isa = PBXBuildFile; fileRef = 7B047586B7AAC3D0A898D13F /* MLBTeams.swift */; };
		40A944CF0609EAE68A2D9066 /* MLBAPIServiceTests.swift in Sources */ = {isa = PBXBuildFile; fileRef = BFA6095943402D6EDF074136 /* MLBAPIServiceTests.swift */; };
		42F367B3A5DAA57EBAA5B2CA /* StadiumPhotoServiceTests.swift in Sources */ = {isa = PBXBuildFile; fileRef = A34687B3EBC8FC003D5DDDD6 /* StadiumPhotoServiceTests.swift */; };
		440D2216AC5C31341BA754B3 /* SearchViewTests.swift in Sources */ = {isa = PBXBuildFile; fileRef = 56A35634C808C5E3E75EDFA3 /* SearchViewTests.swift */; };
		448A872818AC66568C99A4C2 /* SplashView.swift in Sources */ = {isa = PBXBuildFile; fileRef = 85E998370A060BF0FA91F604 /* SplashView.swift */; };
		46F593DA65712CAE2288FD0A /* MLSTeams.swift in Sources */ = {isa = PBXBuildFile; fileRef = 5ED9C27A38D86BAEB08BAE5F /* MLSTeams.swift */; };
		4ABD4E99031F00DFA3C6D187 /* bell-centre.jpg in Resources */ = {isa = PBXBuildFile; fileRef = 06BE869E99FE885A45CE59A2 /* bell-centre.jpg */; };
		4B931C82A535C3D838F2D4D6 /* VenueDirectory.swift in Sources */ = {isa = PBXBuildFile; fileRef = B0C070E62541B01B4B95425A /* VenueDirectory.swift */; };
		4BE5C11C257569C713C73AEB /* CreditDetailView.swift in Sources */ = {isa = PBXBuildFile; fileRef = C1E7F9327F52CB65A04F65A8 /* CreditDetailView.swift */; };
		4CA0C02E7AD7915B789B901B /* yankee-stadium.jpg in Resources */ = {isa = PBXBuildFile; fileRef = 49BD754C61DB3FE10248FD90 /* yankee-stadium.jpg */; };
		4D5BB63D464ADF4E3932203E /* ScreenshotUITests.swift in Sources */ = {isa = PBXBuildFile; fileRef = 110C85C854FCDA7F3DB48A1A /* ScreenshotUITests.swift */; };
		4D882CD3F6F7D47B43B8FD3D /* ContentView.swift in Sources */ = {isa = PBXBuildFile; fileRef = 255B464198C66D3CC44FB49C /* ContentView.swift */; };
		4E5CA10516AD6A930A7B62C9 /* t-mobile-park.jpg in Resources */ = {isa = PBXBuildFile; fileRef = D959A4D7200BB472DE14CD41 /* t-mobile-park.jpg */; };
		50D0F9E33C0FEF72913480D3 /* NFLTeams.swift in Sources */ = {isa = PBXBuildFile; fileRef = 1D22B73705E6E80248418EB2 /* NFLTeams.swift */; };
		545A7D45FA4C75E0FE59280D /* MockURLProtocol.swift in Sources */ = {isa = PBXBuildFile; fileRef = 83F7C8C53BC0872492B82738 /* MockURLProtocol.swift */; };
		54D5E410CEBD263611525E5C /* TeamSeedServiceTests.swift in Sources */ = {isa = PBXBuildFile; fileRef = 6BA0E5B85B2EBD4E09A236D3 /* TeamSeedServiceTests.swift */; };
		5864E22E9735F06852200ECC /* JerseySighting.swift in Sources */ = {isa = PBXBuildFile; fileRef = 72C44512AFCD77E3732A1ED8 /* JerseySighting.swift */; };
		5BF8BFCA8D1BFA4E656E2B29 /* Team.swift in Sources */ = {isa = PBXBuildFile; fileRef = D1AA0CD196ADC8C9FB58537E /* Team.swift */; };
		5EA6374AE30E96CCF65B9457 /* rogers-centre.jpg in Resources */ = {isa = PBXBuildFile; fileRef = 6ECB03EF2ABB37F958B878C4 /* rogers-centre.jpg */; };
		5F281D2F8A5CA7A8844131C4 /* coors-field.jpg in Resources */ = {isa = PBXBuildFile; fileRef = 03BD947B5BCA853640A09687 /* coors-field.jpg */; };
		604D06B1CFBC55105AD13D57 /* EventActionHandler.swift in Sources */ = {isa = PBXBuildFile; fileRef = 66F75AE8CF34E65A2F67EC0D /* EventActionHandler.swift */; };
		66A102121DD2767E85406B25 /* angel-stadium.jpg in Resources */ = {isa = PBXBuildFile; fileRef = 9B7FF235851C64A9A9C6C864 /* angel-stadium.jpg */; };
		671D7B154522703FC0896373 /* LiveTrackingView.swift in Sources */ = {isa = PBXBuildFile; fileRef = ECD99B85F36CD97EA4EF2A08 /* LiveTrackingView.swift */; };
		67704718B9DDF3A05D19A720 /* chase-field.jpg in Resources */ = {isa = PBXBuildFile; fileRef = 3C0D2F6951206EC2CED5969E /* chase-field.jpg */; };
		67E082AC0C9B0744D0D67420 /* ExportServiceTests.swift in Sources */ = {isa = PBXBuildFile; fileRef = 6F7817ADA6236C4A85D61576 /* ExportServiceTests.swift */; };
		6C8A7350565D58FC9C29F610 /* ExportService.swift in Sources */ = {isa = PBXBuildFile; fileRef = FE0B9D7FB9C68D2E44833939 /* ExportService.swift */; };
		6CBEF4BE0F9216DE66A9D638 /* Urbanist-SemiBold.ttf in Resources */ = {isa = PBXBuildFile; fileRef = D9C8FC861AEAC7A3563A0E20 /* Urbanist-SemiBold.ttf */; };
		6E2E0AA10714DC4BB46A53E1 /* Event.swift in Sources */ = {isa = PBXBuildFile; fileRef = 8CE3025DB9AD892205B2AE3D /* Event.swift */; };
		6FCF37A9681BC264F3C36B30 /* CreditsView.swift in Sources */ = {isa = PBXBuildFile; fileRef = A4786C20D9AC813B8AA01D3A /* CreditsView.swift */; };
		705BF30ECF55D8B76E112EDB /* NBATeams.swift in Sources */ = {isa = PBXBuildFile; fileRef = EEC5A2C920B5BCC99D535118 /* NBATeams.swift */; };
		706E3F96206C4B44E02731E2 /* NHLTeams.swift in Sources */ = {isa = PBXBuildFile; fileRef = E11BA07ADF84388270AF996D /* NHLTeams.swift */; };
		73BD36F50CA7C1B559496F52 /* Urbanist-Medium.ttf in Resources */ = {isa = PBXBuildFile; fileRef = 550C6E4076BE51573BC13EE0 /* Urbanist-Medium.ttf */; };
		7469497059B686D33AEE4210 /* EventActionHandlerTests.swift in Sources */ = {isa = PBXBuildFile; fileRef = FD9B348129F7CB69CAB3767D /* EventActionHandlerTests.swift */; };
		7CFF4586E3E34393A35EC25C /* PieChartTests.swift in Sources */ = {isa = PBXBuildFile; fileRef = 8EF2753EF51BD2816286529C /* PieChartTests.swift */; };
		7EA3826B4F1DACA12904F40E /* Assets.xcassets in Resources */ = {isa = PBXBuildFile; fileRef = 08D5D92A49ADAEF9F6D7DDD8 /* Assets.xcassets */; };
		7F489EF5C08191699D69A514 /* CreditEntryTests.swift in Sources */ = {isa = PBXBuildFile; fileRef = 9C37E2FC83ED9D8D50451AD0 /* CreditEntryTests.swift */; };
		802E268AD7CA443FA2F8EE88 /* VenueImageService.swift in Sources */ = {isa = PBXBuildFile; fileRef = 047F6E1DD86AD6271A2F3A72 /* VenueImageService.swift */; };
		854B32F237BD4E682045A756 /* pnc-park.jpg in Resources */ = {isa = PBXBuildFile; fileRef = E03715605150AFA658919690 /* pnc-park.jpg */; };
		85703E1F8D2AEE01CC817799 /* kauffman-stadium.jpg in Resources */ = {isa = PBXBuildFile; fileRef = A8AA14885754A4B06AE9CEC8 /* kauffman-stadium.jpg */; };
		866CDB1AF92822A2685C2A4F /* minute-maid-park.jpg in Resources */ = {isa = PBXBuildFile; fileRef = A37A738D87DC1502555283E2 /* minute-maid-park.jpg */; };
		870B4EA4C1C74D07CB7A2F56 /* JerseySightingTests.swift in Sources */ = {isa = PBXBuildFile; fileRef = B1838A27397CA31346037537 /* JerseySightingTests.swift */; };
		882236A04BEC49E39988ADB9 /* PhotoCredits.md in Resources */ = {isa = PBXBuildFile; fileRef = 4A2DCA6832EB3EA34257AD9B /* PhotoCredits.md */; };
		8C97A3F0F56B0B1DE1EF21D7 /* Urbanist-Regular.ttf in Resources */ = {isa = PBXBuildFile; fileRef = 5BDD088B44D365447ACB6E48 /* Urbanist-Regular.ttf */; };
		8D5B07E6718DEE3D485930E4 /* truist-park.jpg in Resources */ = {isa = PBXBuildFile; fileRef = 518F97ECE96655EFA6B78688 /* truist-park.jpg */; };
		92F9735778B1C2207DB7E704 /* Urbanist-Regular.ttf in Resources */ = {isa = PBXBuildFile; fileRef = 5BDD088B44D365447ACB6E48 /* Urbanist-Regular.ttf */; };
		9325B7D07D3D8C7EEB44CD04 /* GameSorting.swift in Sources */ = {isa = PBXBuildFile; fileRef = B438899A3329974B7045EBB5 /* GameSorting.swift */; };
		942202E058FAAA01B40EC574 /* Urbanist-Medium.ttf in Resources */ = {isa = PBXBuildFile; fileRef = 550C6E4076BE51573BC13EE0 /* Urbanist-Medium.ttf */; };
		9571F41D341450E740C09FB0 /* guaranteed-rate-field.jpg in Resources */ = {isa = PBXBuildFile; fileRef = 5324E774F84D5698D898B6BD /* guaranteed-rate-field.jpg */; };
		9849F7AA880B8ADDC667E220 /* EventFormView.swift in Sources */ = {isa = PBXBuildFile; fileRef = 6AD959FDE9712D6963DC5592 /* EventFormView.swift */; };
		988A5AD444BF7B28BE21D5DA /* LeagueAPIService.swift in Sources */ = {isa = PBXBuildFile; fileRef = 6EF9E6A974D8D38344B5FED3 /* LeagueAPIService.swift */; };
		9B445276BCDF2FE84C579983 /* Font+Urbanist.swift in Sources */ = {isa = PBXBuildFile; fileRef = E67CFCBD2AE817E9AF383246 /* Font+Urbanist.swift */; };
		9C619B42FA898F9A9FCD78A1 /* loandepot-park.jpg in Resources */ = {isa = PBXBuildFile; fileRef = 10DC217193B036C3152FB961 /* loandepot-park.jpg */; };
		9CD17260EA2DA291908DADED /* EventLifecycleTests.swift in Sources */ = {isa = PBXBuildFile; fileRef = 74C78639AB94907F42E68A18 /* EventLifecycleTests.swift */; };
		9D2039B42FF0B80F0789C202 /* SchemaMigration.swift in Sources */ = {isa = PBXBuildFile; fileRef = D50C813E1214DA20D1EDE66A /* SchemaMigration.swift */; };
		9E5DFFD528751099893D6065 /* SummaryCardView.swift in Sources */ = {isa = PBXBuildFile; fileRef = 6F74507CF9ECAD1A90125DB8 /* SummaryCardView.swift */; };
		9F97656A3A662776E5C6246A /* NHLAPIService.swift in Sources */ = {isa = PBXBuildFile; fileRef = 36CDE7F21980DFD6D1066D9E /* NHLAPIService.swift */; };
		A12CD5BB2BA76B4E4AEEE04B /* splash-screen-field.jpg in Resources */ = {isa = PBXBuildFile; fileRef = 1679E0E0C8489CE82C1BBABF /* splash-screen-field.jpg */; };
		A1CCB3B2C4E1C9699C17E107 /* TeamSorting.swift in Sources */ = {isa = PBXBuildFile; fileRef = 2246A0F110A0AF9663397C59 /* TeamSorting.swift */; };
		A453FB51F3283AD2981D55E4 /* tropicana-field.jpg in Resources */ = {isa = PBXBuildFile; fileRef = F03ED55F50D9B393535D6674 /* tropicana-field.jpg */; };
		A6D0724BE175B10ADD81CA57 /* TeamTests.swift in Sources */ = {isa = PBXBuildFile; fileRef = 6EEC232C01FF9F356A1C14B7 /* TeamTests.swift */; };
		A7ACCB4D2720A050E3DBD395 /* great-american-ball-park.jpg in Resources */ = {isa = PBXBuildFile; fileRef = AE5C453D6A73DB79B7D51102 /* great-american-ball-park.jpg */; };
		ADF41BE3BA8DE7B482F5F503 /* globe-life-field.jpg in Resources */ = {isa = PBXBuildFile; fileRef = 321D89F85EBC3547AD142A90 /* globe-life-field.jpg */; };
		AEAA7334C1D62A5B3810188D /* LeagueGame.swift in Sources */ = {isa = PBXBuildFile; fileRef = 77CDDD4785B688E4567820FC /* LeagueGame.swift */; };
		AFEECC9C480DAD544556CBDE /* TeamSeedService.swift in Sources */ = {isa = PBXBuildFile; fileRef = EA4108DA2BEE193BF82C22EC /* TeamSeedService.swift */; };
		B1B347FD3F3A8B8337AF3AC1 /* SeenAtActivityAttributes.swift in Sources */ = {isa = PBXBuildFile; fileRef = 0AC4D2DDA30809D7C0B15006 /* SeenAtActivityAttributes.swift */; };
		B23D581368B6251C563682A0 /* SeenAtLiveActivity.swift in Sources */ = {isa = PBXBuildFile; fileRef = 1CBCF67891D59F640A9F0468 /* SeenAtLiveActivity.swift */; };
		B788D75447BEF4AFBB32FC0C /* Color+Luminance.swift in Sources */ = {isa = PBXBuildFile; fileRef = CFCE3D2CA6E12438C051CB35 /* Color+Luminance.swift */; };
		BF5ADD074B19025DA5688B64 /* LiveActivityManager.swift in Sources */ = {isa = PBXBuildFile; fileRef = E31BBA7EDD221ABE3183274F /* LiveActivityManager.swift */; };
		BF9F3B29B384740A2A4693EF /* Urbanist-Bold.ttf in Resources */ = {isa = PBXBuildFile; fileRef = A13D9DA43ADDED66D220DCA5 /* Urbanist-Bold.ttf */; };
		BFA7F26E564CC566550FADEA /* wrigley-field.jpg in Resources */ = {isa = PBXBuildFile; fileRef = 8D59C0DB294235C0ADF99949 /* wrigley-field.jpg */; };
		C0BAF42A2E08ED04B43B2657 /* target-field.jpg in Resources */ = {isa = PBXBuildFile; fileRef = A20BFC3EA5B851E3C54151AB /* target-field.jpg */; };
		C25A519A167D48D94C38654A /* SwiftDataCRUDTests.swift in Sources */ = {isa = PBXBuildFile; fileRef = 10053D4D3221D5F96A2DA028 /* SwiftDataCRUDTests.swift */; };
		C2BD632C74BAB449DCFE790A /* Urbanist-SemiBold.ttf in Resources */ = {isa = PBXBuildFile; fileRef = D9C8FC861AEAC7A3563A0E20 /* Urbanist-SemiBold.ttf */; };
		C70CA551EDEF7C8869DD1521 /* nationals-park.jpg in Resources */ = {isa = PBXBuildFile; fileRef = 10628DDCDA5755A34B55627A /* nationals-park.jpg */; };
		CC73E3DABD4E63A8D0CA7764 /* SeenAtApp.swift in Sources */ = {isa = PBXBuildFile; fileRef = 7DF0DAC39EA5375ADBF126CB /* SeenAtApp.swift */; };
		CF676D4BEC61B12DC8D75D44 /* EventRowTests.swift in Sources */ = {isa = PBXBuildFile; fileRef = 24B47A2831BBAB45A5472EC1 /* EventRowTests.swift */; };
		D0E7EB02F41D8CF6B3F2DAA0 /* EventSummaryView.swift in Sources */ = {isa = PBXBuildFile; fileRef = A38F229B8DA6985D9DC80822 /* EventSummaryView.swift */; };
		D14B065F15CAFB096BC4A874 /* Font+Urbanist.swift in Sources */ = {isa = PBXBuildFile; fileRef = E67CFCBD2AE817E9AF383246 /* Font+Urbanist.swift */; };
		D609B6B2C4097B3112DDDFFF /* ChartToggle.swift in Sources */ = {isa = PBXBuildFile; fileRef = 764F2314F18C43B08F2D761A /* ChartToggle.swift */; };
		D6EB882C82C4E7C4469E909E /* oakland-coliseum.jpg in Resources */ = {isa = PBXBuildFile; fileRef = 8B38C0A497FC762FB0D739BD /* oakland-coliseum.jpg */; };
		D706DB797BE11AD06A4D8101 /* VenueDirectoryTests.swift in Sources */ = {isa = PBXBuildFile; fileRef = F998A72914DC11CAD43F69CA /* VenueDirectoryTests.swift */; };
		D781EA88D3B254F9012079FA /* ColorExtensionTests.swift in Sources */ = {isa = PBXBuildFile; fileRef = 2969EB6E3B98ED17E1909BC9 /* ColorExtensionTests.swift */; };
		DC4AB3444C8BEE5548CA29D9 /* dodger-stadium.jpg in Resources */ = {isa = PBXBuildFile; fileRef = 8040CAB38C25837603E12BAB /* dodger-stadium.jpg */; };
		DE8B2359F9E56ED61DC39D73 /* fenway-park.jpg in Resources */ = {isa = PBXBuildFile; fileRef = B3371445DF780EBF1B3A3ABB /* fenway-park.jpg */; };
		E4ED3A5B007F0991AB683EDE /* StadiumPhotoService.swift in Sources */ = {isa = PBXBuildFile; fileRef = 4BF02A7055A6EE0498F819D4 /* StadiumPhotoService.swift */; };
		E99E9FAE935C6F40D5CBA521 /* SettingsView.swift in Sources */ = {isa = PBXBuildFile; fileRef = 343AB3AF124CC5301F19FAE7 /* SettingsView.swift */; };
		EC8B2A431B3EB17A6491F718 /* ESPNService.swift in Sources */ = {isa = PBXBuildFile; fileRef = 4E8729992D35C423D22FE74B /* ESPNService.swift */; };
		EF45E73C00535F312F1515FA /* progressive-field.jpg in Resources */ = {isa = PBXBuildFile; fileRef = 624E01974DC22767C274A10D /* progressive-field.jpg */; };
		F19683C113DD2E4A4755B435 /* petco-park.jpg in Resources */ = {isa = PBXBuildFile; fileRef = 56909E885F82C3D2BF1D33AB /* petco-park.jpg */; };
		F2CC56CBAC266F6CFE505D1B /* AddSightingView.swift in Sources */ = {isa = PBXBuildFile; fileRef = DBBDEE4AA6446C25A87720A5 /* AddSightingView.swift */; };
		F3EC6F11701696EC440CA63C /* TeamPieChart.swift in Sources */ = {isa = PBXBuildFile; fileRef = 6C70D9CF1938329C979692A5 /* TeamPieChart.swift */; };
		FAB31F8D55B8592B9F0D078D /* oriole-park-at-camden-yards.jpg in Resources */ = {isa = PBXBuildFile; fileRef = B04E1AB695C935F1EEB3AC36 /* oriole-park-at-camden-yards.jpg */; };
/* End PBXBuildFile section */

/* Begin PBXContainerItemProxy section */
		23E65DFA5009D5A06E89D131 /* PBXContainerItemProxy */ = {
			isa = PBXContainerItemProxy;
			containerPortal = A2F6811362B045B6A1B3903B /* Project object */;
			proxyType = 1;
			remoteGlobalIDString = BDD838E802C0688728C45B11;
			remoteInfo = SeenAt;
		};
		8CA091E03F5058FC93519501 /* PBXContainerItemProxy */ = {
			isa = PBXContainerItemProxy;
			containerPortal = A2F6811362B045B6A1B3903B /* Project object */;
			proxyType = 1;
			remoteGlobalIDString = BDD838E802C0688728C45B11;
			remoteInfo = SeenAt;
		};
/* End PBXContainerItemProxy section */

/* Begin PBXFileReference section */
		0208E4243848E572AD21FAE7 /* LOVBTeams.swift */ = {isa = PBXFileReference; lastKnownFileType = sourcecode.swift; path = LOVBTeams.swift; sourceTree = "<group>"; };
		03BD947B5BCA853640A09687 /* coors-field.jpg */ = {isa = PBXFileReference; lastKnownFileType = image.jpeg; path = "coors-field.jpg"; sourceTree = "<group>"; };
		047F6E1DD86AD6271A2F3A72 /* VenueImageService.swift */ = {isa = PBXFileReference; lastKnownFileType = sourcecode.swift; path = VenueImageService.swift; sourceTree = "<group>"; };
		06BE869E99FE885A45CE59A2 /* bell-centre.jpg */ = {isa = PBXFileReference; lastKnownFileType = image.jpeg; path = "bell-centre.jpg"; sourceTree = "<group>"; };
		08D5D92A49ADAEF9F6D7DDD8 /* Assets.xcassets */ = {isa = PBXFileReference; lastKnownFileType = folder.assetcatalog; path = Assets.xcassets; sourceTree = "<group>"; };
		0AC4D2DDA30809D7C0B15006 /* SeenAtActivityAttributes.swift */ = {isa = PBXFileReference; lastKnownFileType = sourcecode.swift; path = SeenAtActivityAttributes.swift; sourceTree = "<group>"; };
		10053D4D3221D5F96A2DA028 /* SwiftDataCRUDTests.swift */ = {isa = PBXFileReference; lastKnownFileType = sourcecode.swift; path = SwiftDataCRUDTests.swift; sourceTree = "<group>"; };
		10628DDCDA5755A34B55627A /* nationals-park.jpg */ = {isa = PBXFileReference; lastKnownFileType = image.jpeg; path = "nationals-park.jpg"; sourceTree = "<group>"; };
		107E081D98D1593521BD6ECF /* StatsView.swift */ = {isa = PBXFileReference; lastKnownFileType = sourcecode.swift; path = StatsView.swift; sourceTree = "<group>"; };
		10DC217193B036C3152FB961 /* loandepot-park.jpg */ = {isa = PBXFileReference; lastKnownFileType = image.jpeg; path = "loandepot-park.jpg"; sourceTree = "<group>"; };
		110C85C854FCDA7F3DB48A1A /* ScreenshotUITests.swift */ = {isa = PBXFileReference; lastKnownFileType = sourcecode.swift; path = ScreenshotUITests.swift; sourceTree = "<group>"; };
		1679E0E0C8489CE82C1BBABF /* splash-screen-field.jpg */ = {isa = PBXFileReference; lastKnownFileType = image.jpeg; path = "splash-screen-field.jpg"; sourceTree = "<group>"; };
		1CBCF67891D59F640A9F0468 /* SeenAtLiveActivity.swift */ = {isa = PBXFileReference; lastKnownFileType = sourcecode.swift; path = SeenAtLiveActivity.swift; sourceTree = "<group>"; };
		1D22B73705E6E80248418EB2 /* NFLTeams.swift */ = {isa = PBXFileReference; lastKnownFileType = sourcecode.swift; path = NFLTeams.swift; sourceTree = "<group>"; };
		1EAC0F73DA140906D27CE94F /* oracle-park.jpg */ = {isa = PBXFileReference; lastKnownFileType = image.jpeg; path = "oracle-park.jpg"; sourceTree = "<group>"; };
		2246A0F110A0AF9663397C59 /* TeamSorting.swift */ = {isa = PBXFileReference; lastKnownFileType = sourcecode.swift; path = TeamSorting.swift; sourceTree = "<group>"; };
		24B47A2831BBAB45A5472EC1 /* EventRowTests.swift */ = {isa = PBXFileReference; lastKnownFileType = sourcecode.swift; path = EventRowTests.swift; sourceTree = "<group>"; };
		255B464198C66D3CC44FB49C /* ContentView.swift */ = {isa = PBXFileReference; lastKnownFileType = sourcecode.swift; path = ContentView.swift; sourceTree = "<group>"; };
		2969EB6E3B98ED17E1909BC9 /* ColorExtensionTests.swift */ = {isa = PBXFileReference; lastKnownFileType = sourcecode.swift; path = ColorExtensionTests.swift; sourceTree = "<group>"; };
		3161C36C7DAFCFD912A990D2 /* SeenAtUITests.xctest */ = {isa = PBXFileReference; includeInIndex = 0; lastKnownFileType = wrapper.cfbundle; path = SeenAtUITests.xctest; sourceTree = BUILT_PRODUCTS_DIR; };
		321D89F85EBC3547AD142A90 /* globe-life-field.jpg */ = {isa = PBXFileReference; lastKnownFileType = image.jpeg; path = "globe-life-field.jpg"; sourceTree = "<group>"; };
		343AB3AF124CC5301F19FAE7 /* SettingsView.swift */ = {isa = PBXFileReference; lastKnownFileType = sourcecode.swift; path = SettingsView.swift; sourceTree = "<group>"; };
		34ED6A54E5DC34E7D2996DC0 /* citi-field.jpg */ = {isa = PBXFileReference; lastKnownFileType = image.jpeg; path = "citi-field.jpg"; sourceTree = "<group>"; };
		36CDE7F21980DFD6D1066D9E /* NHLAPIService.swift */ = {isa = PBXFileReference; lastKnownFileType = sourcecode.swift; path = NHLAPIService.swift; sourceTree = "<group>"; };
		3A76A23F5AC06EF0D59016C7 /* FavoriteTeamsView.swift */ = {isa = PBXFileReference; lastKnownFileType = sourcecode.swift; path = FavoriteTeamsView.swift; sourceTree = "<group>"; };
		3C0D2F6951206EC2CED5969E /* chase-field.jpg */ = {isa = PBXFileReference; lastKnownFileType = image.jpeg; path = "chase-field.jpg"; sourceTree = "<group>"; };
		445AE3C39AAD1F9B761D13AB /* .gitkeep */ = {isa = PBXFileReference; path = .gitkeep; sourceTree = "<group>"; };
		458C83F026063170925FA42A /* daikin-park.jpg */ = {isa = PBXFileReference; lastKnownFileType = image.jpeg; path = "daikin-park.jpg"; sourceTree = "<group>"; };
		49BD754C61DB3FE10248FD90 /* yankee-stadium.jpg */ = {isa = PBXFileReference; lastKnownFileType = image.jpeg; path = "yankee-stadium.jpg"; sourceTree = "<group>"; };
		4A2DCA6832EB3EA34257AD9B /* PhotoCredits.md */ = {isa = PBXFileReference; lastKnownFileType = net.daringfireball.markdown; path = PhotoCredits.md; sourceTree = "<group>"; };
		4BF02A7055A6EE0498F819D4 /* StadiumPhotoService.swift */ = {isa = PBXFileReference; lastKnownFileType = sourcecode.swift; path = StadiumPhotoService.swift; sourceTree = "<group>"; };
		4E8729992D35C423D22FE74B /* ESPNService.swift */ = {isa = PBXFileReference; lastKnownFileType = sourcecode.swift; path = ESPNService.swift; sourceTree = "<group>"; };
		518F97ECE96655EFA6B78688 /* truist-park.jpg */ = {isa = PBXFileReference; lastKnownFileType = image.jpeg; path = "truist-park.jpg"; sourceTree = "<group>"; };
		5324E774F84D5698D898B6BD /* guaranteed-rate-field.jpg */ = {isa = PBXFileReference; lastKnownFileType = image.jpeg; path = "guaranteed-rate-field.jpg"; sourceTree = "<group>"; };
		550C6E4076BE51573BC13EE0 /* Urbanist-Medium.ttf */ = {isa = PBXFileReference; lastKnownFileType = file; path = "Urbanist-Medium.ttf"; sourceTree = "<group>"; };
		56909E885F82C3D2BF1D33AB /* petco-park.jpg */ = {isa = PBXFileReference; lastKnownFileType = image.jpeg; path = "petco-park.jpg"; sourceTree = "<group>"; };
		56A35634C808C5E3E75EDFA3 /* SearchViewTests.swift */ = {isa = PBXFileReference; lastKnownFileType = sourcecode.swift; path = SearchViewTests.swift; sourceTree = "<group>"; };
		58662D680E0ABD5FB3898567 /* SeenAt.app */ = {isa = PBXFileReference; includeInIndex = 0; lastKnownFileType = wrapper.application; path = SeenAt.app; sourceTree = BUILT_PRODUCTS_DIR; };
		5BDD088B44D365447ACB6E48 /* Urbanist-Regular.ttf */ = {isa = PBXFileReference; lastKnownFileType = file; path = "Urbanist-Regular.ttf"; sourceTree = "<group>"; };
		5ED9C27A38D86BAEB08BAE5F /* MLSTeams.swift */ = {isa = PBXFileReference; lastKnownFileType = sourcecode.swift; path = MLSTeams.swift; sourceTree = "<group>"; };
		624E01974DC22767C274A10D /* progressive-field.jpg */ = {isa = PBXFileReference; lastKnownFileType = image.jpeg; path = "progressive-field.jpg"; sourceTree = "<group>"; };
		66C98BF0197F7599ED24DDE8 /* Info.plist */ = {isa = PBXFileReference; lastKnownFileType = text.plist; path = Info.plist; sourceTree = "<group>"; };
		66F75AE8CF34E65A2F67EC0D /* EventActionHandler.swift */ = {isa = PBXFileReference; lastKnownFileType = sourcecode.swift; path = EventActionHandler.swift; sourceTree = "<group>"; };
		6877C6DFBECAD563382283B2 /* SearchView.swift */ = {isa = PBXFileReference; lastKnownFileType = sourcecode.swift; path = SearchView.swift; sourceTree = "<group>"; };
		6AD959FDE9712D6963DC5592 /* EventFormView.swift */ = {isa = PBXFileReference; lastKnownFileType = sourcecode.swift; path = EventFormView.swift; sourceTree = "<group>"; };
		6BA0E5B85B2EBD4E09A236D3 /* TeamSeedServiceTests.swift */ = {isa = PBXFileReference; lastKnownFileType = sourcecode.swift; path = TeamSeedServiceTests.swift; sourceTree = "<group>"; };
		6C70D9CF1938329C979692A5 /* TeamPieChart.swift */ = {isa = PBXFileReference; lastKnownFileType = sourcecode.swift; path = TeamPieChart.swift; sourceTree = "<group>"; };
		6ECB03EF2ABB37F958B878C4 /* rogers-centre.jpg */ = {isa = PBXFileReference; lastKnownFileType = image.jpeg; path = "rogers-centre.jpg"; sourceTree = "<group>"; };
		6EEC232C01FF9F356A1C14B7 /* TeamTests.swift */ = {isa = PBXFileReference; lastKnownFileType = sourcecode.swift; path = TeamTests.swift; sourceTree = "<group>"; };
		6EF9E6A974D8D38344B5FED3 /* LeagueAPIService.swift */ = {isa = PBXFileReference; lastKnownFileType = sourcecode.swift; path = LeagueAPIService.swift; sourceTree = "<group>"; };
		6F74507CF9ECAD1A90125DB8 /* SummaryCardView.swift */ = {isa = PBXFileReference; lastKnownFileType = sourcecode.swift; path = SummaryCardView.swift; sourceTree = "<group>"; };
		6F7817ADA6236C4A85D61576 /* ExportServiceTests.swift */ = {isa = PBXFileReference; lastKnownFileType = sourcecode.swift; path = ExportServiceTests.swift; sourceTree = "<group>"; };
		72C44512AFCD77E3732A1ED8 /* JerseySighting.swift */ = {isa = PBXFileReference; lastKnownFileType = sourcecode.swift; path = JerseySighting.swift; sourceTree = "<group>"; };
		74C78639AB94907F42E68A18 /* EventLifecycleTests.swift */ = {isa = PBXFileReference; lastKnownFileType = sourcecode.swift; path = EventLifecycleTests.swift; sourceTree = "<group>"; };
		764F2314F18C43B08F2D761A /* ChartToggle.swift */ = {isa = PBXFileReference; lastKnownFileType = sourcecode.swift; path = ChartToggle.swift; sourceTree = "<group>"; };
		77CDDD4785B688E4567820FC /* LeagueGame.swift */ = {isa = PBXFileReference; lastKnownFileType = sourcecode.swift; path = LeagueGame.swift; sourceTree = "<group>"; };
		7B047586B7AAC3D0A898D13F /* MLBTeams.swift */ = {isa = PBXFileReference; lastKnownFileType = sourcecode.swift; path = MLBTeams.swift; sourceTree = "<group>"; };
		7DF0DAC39EA5375ADBF126CB /* SeenAtApp.swift */ = {isa = PBXFileReference; lastKnownFileType = sourcecode.swift; path = SeenAtApp.swift; sourceTree = "<group>"; };
		7F8376A05AA0DF8B9D92F40B /* ActivityViewController.swift */ = {isa = PBXFileReference; lastKnownFileType = sourcecode.swift; path = ActivityViewController.swift; sourceTree = "<group>"; };
		8040CAB38C25837603E12BAB /* dodger-stadium.jpg */ = {isa = PBXFileReference; lastKnownFileType = image.jpeg; path = "dodger-stadium.jpg"; sourceTree = "<group>"; };
		82AABEEA51963D624F5E1ECF /* EventTests.swift */ = {isa = PBXFileReference; lastKnownFileType = sourcecode.swift; path = EventTests.swift; sourceTree = "<group>"; };
		82D47D502FC040B51F68748F /* SeedData.swift */ = {isa = PBXFileReference; lastKnownFileType = sourcecode.swift; path = SeedData.swift; sourceTree = "<group>"; };
		83F7C8C53BC0872492B82738 /* MockURLProtocol.swift */ = {isa = PBXFileReference; lastKnownFileType = sourcecode.swift; path = MockURLProtocol.swift; sourceTree = "<group>"; };
		85E998370A060BF0FA91F604 /* SplashView.swift */ = {isa = PBXFileReference; lastKnownFileType = sourcecode.swift; path = SplashView.swift; sourceTree = "<group>"; };
		8677173C21E6E26B97D5DF9F /* TestDataFactory.swift */ = {isa = PBXFileReference; lastKnownFileType = sourcecode.swift; path = TestDataFactory.swift; sourceTree = "<group>"; };
		8B38C0A497FC762FB0D739BD /* oakland-coliseum.jpg */ = {isa = PBXFileReference; lastKnownFileType = image.jpeg; path = "oakland-coliseum.jpg"; sourceTree = "<group>"; };
		8CE3025DB9AD892205B2AE3D /* Event.swift */ = {isa = PBXFileReference; lastKnownFileType = sourcecode.swift; path = Event.swift; sourceTree = "<group>"; };
		8D59C0DB294235C0ADF99949 /* wrigley-field.jpg */ = {isa = PBXFileReference; lastKnownFileType = image.jpeg; path = "wrigley-field.jpg"; sourceTree = "<group>"; };
		8EEF9FBFA99589FAE91A7AE2 /* american-family-field.jpg */ = {isa = PBXFileReference; lastKnownFileType = image.jpeg; path = "american-family-field.jpg"; sourceTree = "<group>"; };
		8EF2753EF51BD2816286529C /* PieChartTests.swift */ = {isa = PBXFileReference; lastKnownFileType = sourcecode.swift; path = PieChartTests.swift; sourceTree = "<group>"; };
		9B7FF235851C64A9A9C6C864 /* angel-stadium.jpg */ = {isa = PBXFileReference; lastKnownFileType = image.jpeg; path = "angel-stadium.jpg"; sourceTree = "<group>"; };
		9C37E2FC83ED9D8D50451AD0 /* CreditEntryTests.swift */ = {isa = PBXFileReference; lastKnownFileType = sourcecode.swift; path = CreditEntryTests.swift; sourceTree = "<group>"; };
		A13D9DA43ADDED66D220DCA5 /* Urbanist-Bold.ttf */ = {isa = PBXFileReference; lastKnownFileType = file; path = "Urbanist-Bold.ttf"; sourceTree = "<group>"; };
		A20BFC3EA5B851E3C54151AB /* target-field.jpg */ = {isa = PBXFileReference; lastKnownFileType = image.jpeg; path = "target-field.jpg"; sourceTree = "<group>"; };
		A339779DD94248855BF65F27 /* Info.plist */ = {isa = PBXFileReference; lastKnownFileType = text.plist; path = Info.plist; sourceTree = "<group>"; };
		A34687B3EBC8FC003D5DDDD6 /* StadiumPhotoServiceTests.swift */ = {isa = PBXFileReference; lastKnownFileType = sourcecode.swift; path = StadiumPhotoServiceTests.swift; sourceTree = "<group>"; };
		A37A738D87DC1502555283E2 /* minute-maid-park.jpg */ = {isa = PBXFileReference; lastKnownFileType = image.jpeg; path = "minute-maid-park.jpg"; sourceTree = "<group>"; };
		A38F229B8DA6985D9DC80822 /* EventSummaryView.swift */ = {isa = PBXFileReference; lastKnownFileType = sourcecode.swift; path = EventSummaryView.swift; sourceTree = "<group>"; };
		A4786C20D9AC813B8AA01D3A /* CreditsView.swift */ = {isa = PBXFileReference; lastKnownFileType = sourcecode.swift; path = CreditsView.swift; sourceTree = "<group>"; };
		A8AA14885754A4B06AE9CEC8 /* kauffman-stadium.jpg */ = {isa = PBXFileReference; lastKnownFileType = image.jpeg; path = "kauffman-stadium.jpg"; sourceTree = "<group>"; };
		AE5C453D6A73DB79B7D51102 /* great-american-ball-park.jpg */ = {isa = PBXFileReference; lastKnownFileType = image.jpeg; path = "great-american-ball-park.jpg"; sourceTree = "<group>"; };
		B04E1AB695C935F1EEB3AC36 /* oriole-park-at-camden-yards.jpg */ = {isa = PBXFileReference; lastKnownFileType = image.jpeg; path = "oriole-park-at-camden-yards.jpg"; sourceTree = "<group>"; };
		B0C070E62541B01B4B95425A /* VenueDirectory.swift */ = {isa = PBXFileReference; lastKnownFileType = sourcecode.swift; path = VenueDirectory.swift; sourceTree = "<group>"; };
		B1838A27397CA31346037537 /* JerseySightingTests.swift */ = {isa = PBXFileReference; lastKnownFileType = sourcecode.swift; path = JerseySightingTests.swift; sourceTree = "<group>"; };
		B30AA9D41D92B6B7ADE795F7 /* TestModelContainer.swift */ = {isa = PBXFileReference; lastKnownFileType = sourcecode.swift; path = TestModelContainer.swift; sourceTree = "<group>"; };
		B3371445DF780EBF1B3A3ABB /* fenway-park.jpg */ = {isa = PBXFileReference; lastKnownFileType = image.jpeg; path = "fenway-park.jpg"; sourceTree = "<group>"; };
		B438899A3329974B7045EBB5 /* GameSorting.swift */ = {isa = PBXFileReference; lastKnownFileType = sourcecode.swift; path = GameSorting.swift; sourceTree = "<group>"; };
		BFA6095943402D6EDF074136 /* MLBAPIServiceTests.swift */ = {isa = PBXFileReference; lastKnownFileType = sourcecode.swift; path = MLBAPIServiceTests.swift; sourceTree = "<group>"; };
		C1E1E297E30DBA6FCDD20270 /* SeenAtWidget.appex */ = {isa = PBXFileReference; includeInIndex = 0; lastKnownFileType = "wrapper.app-extension"; path = SeenAtWidget.appex; sourceTree = BUILT_PRODUCTS_DIR; };
		C1E7F9327F52CB65A04F65A8 /* CreditDetailView.swift */ = {isa = PBXFileReference; lastKnownFileType = sourcecode.swift; path = CreditDetailView.swift; sourceTree = "<group>"; };
		CE81F8A028EB54FAAEFEC6FA /* busch-stadium.jpg */ = {isa = PBXFileReference; lastKnownFileType = image.jpeg; path = "busch-stadium.jpg"; sourceTree = "<group>"; };
		CFCE3D2CA6E12438C051CB35 /* Color+Luminance.swift */ = {isa = PBXFileReference; lastKnownFileType = sourcecode.swift; path = "Color+Luminance.swift"; sourceTree = "<group>"; };
		D1AA0CD196ADC8C9FB58537E /* Team.swift */ = {isa = PBXFileReference; lastKnownFileType = sourcecode.swift; path = Team.swift; sourceTree = "<group>"; };
		D50C813E1214DA20D1EDE66A /* SchemaMigration.swift */ = {isa = PBXFileReference; lastKnownFileType = sourcecode.swift; path = SchemaMigration.swift; sourceTree = "<group>"; };
		D959A4D7200BB472DE14CD41 /* t-mobile-park.jpg */ = {isa = PBXFileReference; lastKnownFileType = image.jpeg; path = "t-mobile-park.jpg"; sourceTree = "<group>"; };
		D9C8FC861AEAC7A3563A0E20 /* Urbanist-SemiBold.ttf */ = {isa = PBXFileReference; lastKnownFileType = file; path = "Urbanist-SemiBold.ttf"; sourceTree = "<group>"; };
		DBBDEE4AA6446C25A87720A5 /* AddSightingView.swift */ = {isa = PBXFileReference; lastKnownFileType = sourcecode.swift; path = AddSightingView.swift; sourceTree = "<group>"; };
		DED9A12BF97332CE7FF27AB0 /* citizens-bank-park.jpg */ = {isa = PBXFileReference; lastKnownFileType = image.jpeg; path = "citizens-bank-park.jpg"; sourceTree = "<group>"; };
		E03715605150AFA658919690 /* pnc-park.jpg */ = {isa = PBXFileReference; lastKnownFileType = image.jpeg; path = "pnc-park.jpg"; sourceTree = "<group>"; };
		E11BA07ADF84388270AF996D /* NHLTeams.swift */ = {isa = PBXFileReference; lastKnownFileType = sourcecode.swift; path = NHLTeams.swift; sourceTree = "<group>"; };
		E31BBA7EDD221ABE3183274F /* LiveActivityManager.swift */ = {isa = PBXFileReference; lastKnownFileType = sourcecode.swift; path = LiveActivityManager.swift; sourceTree = "<group>"; };
		E539BE3234298C596785F64A /* PhotoCreditsView.swift */ = {isa = PBXFileReference; lastKnownFileType = sourcecode.swift; path = PhotoCreditsView.swift; sourceTree = "<group>"; };
		E67CFCBD2AE817E9AF383246 /* Font+Urbanist.swift */ = {isa = PBXFileReference; lastKnownFileType = sourcecode.swift; path = "Font+Urbanist.swift"; sourceTree = "<group>"; };
		E868B332592B68CC3070E304 /* MLBAPIService.swift */ = {isa = PBXFileReference; lastKnownFileType = sourcecode.swift; path = MLBAPIService.swift; sourceTree = "<group>"; };
		EA4108DA2BEE193BF82C22EC /* TeamSeedService.swift */ = {isa = PBXFileReference; lastKnownFileType = sourcecode.swift; path = TeamSeedService.swift; sourceTree = "<group>"; };
		EA9714E350C0AA34B7FD93F7 /* TeamSortingTests.swift */ = {isa = PBXFileReference; lastKnownFileType = sourcecode.swift; path = TeamSortingTests.swift; sourceTree = "<group>"; };
		ECD99B85F36CD97EA4EF2A08 /* LiveTrackingView.swift */ = {isa = PBXFileReference; lastKnownFileType = sourcecode.swift; path = LiveTrackingView.swift; sourceTree = "<group>"; };
		EE5BAC7836DCD18C4FED123A /* GameSortingTests.swift */ = {isa = PBXFileReference; lastKnownFileType = sourcecode.swift; path = GameSortingTests.swift; sourceTree = "<group>"; };
		EEC5A2C920B5BCC99D535118 /* NBATeams.swift */ = {isa = PBXFileReference; lastKnownFileType = sourcecode.swift; path = NBATeams.swift; sourceTree = "<group>"; };
		F03ED55F50D9B393535D6674 /* tropicana-field.jpg */ = {isa = PBXFileReference; lastKnownFileType = image.jpeg; path = "tropicana-field.jpg"; sourceTree = "<group>"; };
		F62CBFA00303EFF7D981B124 /* Color+Hex.swift */ = {isa = PBXFileReference; lastKnownFileType = sourcecode.swift; path = "Color+Hex.swift"; sourceTree = "<group>"; };
		F95C68037D85FC788449B5FE /* HomeView.swift */ = {isa = PBXFileReference; lastKnownFileType = sourcecode.swift; path = HomeView.swift; sourceTree = "<group>"; };
		F998A72914DC11CAD43F69CA /* VenueDirectoryTests.swift */ = {isa = PBXFileReference; lastKnownFileType = sourcecode.swift; path = VenueDirectoryTests.swift; sourceTree = "<group>"; };
		FC4B93CE8CA757727622A451 /* SeenAtTests.xctest */ = {isa = PBXFileReference; includeInIndex = 0; lastKnownFileType = wrapper.cfbundle; path = SeenAtTests.xctest; sourceTree = BUILT_PRODUCTS_DIR; };
		FD9B348129F7CB69CAB3767D /* EventActionHandlerTests.swift */ = {isa = PBXFileReference; lastKnownFileType = sourcecode.swift; path = EventActionHandlerTests.swift; sourceTree = "<group>"; };
		FE0B9D7FB9C68D2E44833939 /* ExportService.swift */ = {isa = PBXFileReference; lastKnownFileType = sourcecode.swift; path = ExportService.swift; sourceTree = "<group>"; };
/* End PBXFileReference section */

/* Begin PBXGroup section */
		0D27652E58F50EFC8B3491F6 /* SeenAtWidget */ = {
			isa = PBXGroup;
			children = (
				66C98BF0197F7599ED24DDE8 /* Info.plist */,
				1CBCF67891D59F640A9F0468 /* SeenAtLiveActivity.swift */,
			);
			path = SeenAtWidget;
			sourceTree = "<group>";
		};
		162ECF1C7D5FD0FD9A67FFC2 /* SeenAtTests */ = {
			isa = PBXGroup;
			children = (
				7C27F0A4288426E62DF606B5 /* Helpers */,
				364F3D45C6EA03F79E5384CF /* Integration */,
				9ADA4017F0D09C5E1471B2A2 /* Models */,
				C7F1490DCFDDC30736D68171 /* Services */,
				6BAFC34D10DA74AAFCD268A9 /* ViewLogic */,
			);
			path = SeenAtTests;
			sourceTree = "<group>";
		};
		276911A7769FE43065CDEB91 /* TeamSeeds */ = {
			isa = PBXGroup;
			children = (
				0208E4243848E572AD21FAE7 /* LOVBTeams.swift */,
				7B047586B7AAC3D0A898D13F /* MLBTeams.swift */,
				5ED9C27A38D86BAEB08BAE5F /* MLSTeams.swift */,
				EEC5A2C920B5BCC99D535118 /* NBATeams.swift */,
				1D22B73705E6E80248418EB2 /* NFLTeams.swift */,
				E11BA07ADF84388270AF996D /* NHLTeams.swift */,
			);
			path = TeamSeeds;
			sourceTree = "<group>";
		};
		2D4150E0D293AB37E45E2856 /* Services */ = {
			isa = PBXGroup;
			children = (
				4E8729992D35C423D22FE74B /* ESPNService.swift */,
				66F75AE8CF34E65A2F67EC0D /* EventActionHandler.swift */,
				FE0B9D7FB9C68D2E44833939 /* ExportService.swift */,
				B438899A3329974B7045EBB5 /* GameSorting.swift */,
				6EF9E6A974D8D38344B5FED3 /* LeagueAPIService.swift */,
				E31BBA7EDD221ABE3183274F /* LiveActivityManager.swift */,
				E868B332592B68CC3070E304 /* MLBAPIService.swift */,
				36CDE7F21980DFD6D1066D9E /* NHLAPIService.swift */,
				4BF02A7055A6EE0498F819D4 /* StadiumPhotoService.swift */,
				EA4108DA2BEE193BF82C22EC /* TeamSeedService.swift */,
				2246A0F110A0AF9663397C59 /* TeamSorting.swift */,
				B0C070E62541B01B4B95425A /* VenueDirectory.swift */,
				047F6E1DD86AD6271A2F3A72 /* VenueImageService.swift */,
				276911A7769FE43065CDEB91 /* TeamSeeds */,
			);
			path = Services;
			sourceTree = "<group>";
		};
		364F3D45C6EA03F79E5384CF /* Integration */ = {
			isa = PBXGroup;
			children = (
				74C78639AB94907F42E68A18 /* EventLifecycleTests.swift */,
				10053D4D3221D5F96A2DA028 /* SwiftDataCRUDTests.swift */,
			);
			path = Integration;
			sourceTree = "<group>";
		};
		51E5DD44D9AA314F5777AD4F /* Products */ = {
			isa = PBXGroup;
			children = (
				58662D680E0ABD5FB3898567 /* SeenAt.app */,
				FC4B93CE8CA757727622A451 /* SeenAtTests.xctest */,
				3161C36C7DAFCFD912A990D2 /* SeenAtUITests.xctest */,
				C1E1E297E30DBA6FCDD20270 /* SeenAtWidget.appex */,
			);
			name = Products;
			sourceTree = "<group>";
		};
		65C7962F07D6A8E86F717445 /* Views */ = {
			isa = PBXGroup;
			children = (
				DBBDEE4AA6446C25A87720A5 /* AddSightingView.swift */,
				C1E7F9327F52CB65A04F65A8 /* CreditDetailView.swift */,
				A4786C20D9AC813B8AA01D3A /* CreditsView.swift */,
				6AD959FDE9712D6963DC5592 /* EventFormView.swift */,
				A38F229B8DA6985D9DC80822 /* EventSummaryView.swift */,
				3A76A23F5AC06EF0D59016C7 /* FavoriteTeamsView.swift */,
				F95C68037D85FC788449B5FE /* HomeView.swift */,
				ECD99B85F36CD97EA4EF2A08 /* LiveTrackingView.swift */,
				E539BE3234298C596785F64A /* PhotoCreditsView.swift */,
				6877C6DFBECAD563382283B2 /* SearchView.swift */,
				343AB3AF124CC5301F19FAE7 /* SettingsView.swift */,
				85E998370A060BF0FA91F604 /* SplashView.swift */,
				107E081D98D1593521BD6ECF /* StatsView.swift */,
				6D4B0731EAC534AC4D9441E8 /* Components */,
			);
			path = Views;
			sourceTree = "<group>";
		};
		6BAFC34D10DA74AAFCD268A9 /* ViewLogic */ = {
			isa = PBXGroup;
			children = (
				FD9B348129F7CB69CAB3767D /* EventActionHandlerTests.swift */,
				24B47A2831BBAB45A5472EC1 /* EventRowTests.swift */,
				EE5BAC7836DCD18C4FED123A /* GameSortingTests.swift */,
				8EF2753EF51BD2816286529C /* PieChartTests.swift */,
				56A35634C808C5E3E75EDFA3 /* SearchViewTests.swift */,
				EA9714E350C0AA34B7FD93F7 /* TeamSortingTests.swift */,
			);
			path = ViewLogic;
			sourceTree = "<group>";
		};
		6D4B0731EAC534AC4D9441E8 /* Components */ = {
			isa = PBXGroup;
			children = (
				7F8376A05AA0DF8B9D92F40B /* ActivityViewController.swift */,
				764F2314F18C43B08F2D761A /* ChartToggle.swift */,
				6F74507CF9ECAD1A90125DB8 /* SummaryCardView.swift */,
				6C70D9CF1938329C979692A5 /* TeamPieChart.swift */,
			);
			path = Components;
			sourceTree = "<group>";
		};
		7A894F664071692D12125D67 /* Fonts */ = {
			isa = PBXGroup;
			children = (
				A13D9DA43ADDED66D220DCA5 /* Urbanist-Bold.ttf */,
				550C6E4076BE51573BC13EE0 /* Urbanist-Medium.ttf */,
				5BDD088B44D365447ACB6E48 /* Urbanist-Regular.ttf */,
				D9C8FC861AEAC7A3563A0E20 /* Urbanist-SemiBold.ttf */,
			);
			path = Fonts;
			sourceTree = "<group>";
		};
		7C27F0A4288426E62DF606B5 /* Helpers */ = {
			isa = PBXGroup;
			children = (
				83F7C8C53BC0872492B82738 /* MockURLProtocol.swift */,
				8677173C21E6E26B97D5DF9F /* TestDataFactory.swift */,
				B30AA9D41D92B6B7ADE795F7 /* TestModelContainer.swift */,
			);
			path = Helpers;
			sourceTree = "<group>";
		};
		84B0E0AAFB71FE817C581C63 /* SeenAtUITests */ = {
			isa = PBXGroup;
			children = (
				110C85C854FCDA7F3DB48A1A /* ScreenshotUITests.swift */,
			);
			path = SeenAtUITests;
			sourceTree = "<group>";
		};
		9ADA4017F0D09C5E1471B2A2 /* Models */ = {
			isa = PBXGroup;
			children = (
				2969EB6E3B98ED17E1909BC9 /* ColorExtensionTests.swift */,
				9C37E2FC83ED9D8D50451AD0 /* CreditEntryTests.swift */,
				82AABEEA51963D624F5E1ECF /* EventTests.swift */,
				B1838A27397CA31346037537 /* JerseySightingTests.swift */,
				6EEC232C01FF9F356A1C14B7 /* TeamTests.swift */,
			);
			path = Models;
			sourceTree = "<group>";
		};
		A375FA244F7116033D10ACA3 /* Extensions */ = {
			isa = PBXGroup;
			children = (
				F62CBFA00303EFF7D981B124 /* Color+Hex.swift */,
				CFCE3D2CA6E12438C051CB35 /* Color+Luminance.swift */,
				E67CFCBD2AE817E9AF383246 /* Font+Urbanist.swift */,
			);
			path = Extensions;
			sourceTree = "<group>";
		};
		AABD6F9AA191FA7E909DA59C /* Resources */ = {
			isa = PBXGroup;
			children = (
				08D5D92A49ADAEF9F6D7DDD8 /* Assets.xcassets */,
				1679E0E0C8489CE82C1BBABF /* splash-screen-field.jpg */,
				7A894F664071692D12125D67 /* Fonts */,
				FADAF015DB66C82D5E35ADEE /* VenueImages */,
			);
			path = Resources;
			sourceTree = "<group>";
		};
		BA7D1FD171662BE863DCE340 = {
			isa = PBXGroup;
			children = (
				F698318B7A0B6C12E40CAC48 /* SeenAt */,
				162ECF1C7D5FD0FD9A67FFC2 /* SeenAtTests */,
				84B0E0AAFB71FE817C581C63 /* SeenAtUITests */,
				0D27652E58F50EFC8B3491F6 /* SeenAtWidget */,
				51E5DD44D9AA314F5777AD4F /* Products */,
			);
			sourceTree = "<group>";
		};
		BF4E8C49BDA24132FECD6CFC /* Models */ = {
			isa = PBXGroup;
			children = (
				8CE3025DB9AD892205B2AE3D /* Event.swift */,
				72C44512AFCD77E3732A1ED8 /* JerseySighting.swift */,
				77CDDD4785B688E4567820FC /* LeagueGame.swift */,
				D50C813E1214DA20D1EDE66A /* SchemaMigration.swift */,
				0AC4D2DDA30809D7C0B15006 /* SeenAtActivityAttributes.swift */,
				D1AA0CD196ADC8C9FB58537E /* Team.swift */,
			);
			path = Models;
			sourceTree = "<group>";
		};
		C7F1490DCFDDC30736D68171 /* Services */ = {
			isa = PBXGroup;
			children = (
				6F7817ADA6236C4A85D61576 /* ExportServiceTests.swift */,
				BFA6095943402D6EDF074136 /* MLBAPIServiceTests.swift */,
				A34687B3EBC8FC003D5DDDD6 /* StadiumPhotoServiceTests.swift */,
				6BA0E5B85B2EBD4E09A236D3 /* TeamSeedServiceTests.swift */,
				F998A72914DC11CAD43F69CA /* VenueDirectoryTests.swift */,
			);
			path = Services;
			sourceTree = "<group>";
		};
		F698318B7A0B6C12E40CAC48 /* SeenAt */ = {
			isa = PBXGroup;
			children = (
				255B464198C66D3CC44FB49C /* ContentView.swift */,
				A339779DD94248855BF65F27 /* Info.plist */,
				82D47D502FC040B51F68748F /* SeedData.swift */,
				7DF0DAC39EA5375ADBF126CB /* SeenAtApp.swift */,
				A375FA244F7116033D10ACA3 /* Extensions */,
				BF4E8C49BDA24132FECD6CFC /* Models */,
				AABD6F9AA191FA7E909DA59C /* Resources */,
				2D4150E0D293AB37E45E2856 /* Services */,
				65C7962F07D6A8E86F717445 /* Views */,
			);
			path = SeenAt;
			sourceTree = "<group>";
		};
		FADAF015DB66C82D5E35ADEE /* VenueImages */ = {
			isa = PBXGroup;
			children = (
				445AE3C39AAD1F9B761D13AB /* .gitkeep */,
				8EEF9FBFA99589FAE91A7AE2 /* american-family-field.jpg */,
				9B7FF235851C64A9A9C6C864 /* angel-stadium.jpg */,
				06BE869E99FE885A45CE59A2 /* bell-centre.jpg */,
				CE81F8A028EB54FAAEFEC6FA /* busch-stadium.jpg */,
				3C0D2F6951206EC2CED5969E /* chase-field.jpg */,
				34ED6A54E5DC34E7D2996DC0 /* citi-field.jpg */,
				DED9A12BF97332CE7FF27AB0 /* citizens-bank-park.jpg */,
				03BD947B5BCA853640A09687 /* coors-field.jpg */,
				458C83F026063170925FA42A /* daikin-park.jpg */,
				8040CAB38C25837603E12BAB /* dodger-stadium.jpg */,
				B3371445DF780EBF1B3A3ABB /* fenway-park.jpg */,
				321D89F85EBC3547AD142A90 /* globe-life-field.jpg */,
				AE5C453D6A73DB79B7D51102 /* great-american-ball-park.jpg */,
				5324E774F84D5698D898B6BD /* guaranteed-rate-field.jpg */,
				A8AA14885754A4B06AE9CEC8 /* kauffman-stadium.jpg */,
				10DC217193B036C3152FB961 /* loandepot-park.jpg */,
				A37A738D87DC1502555283E2 /* minute-maid-park.jpg */,
				10628DDCDA5755A34B55627A /* nationals-park.jpg */,
				8B38C0A497FC762FB0D739BD /* oakland-coliseum.jpg */,
				1EAC0F73DA140906D27CE94F /* oracle-park.jpg */,
				B04E1AB695C935F1EEB3AC36 /* oriole-park-at-camden-yards.jpg */,
				56909E885F82C3D2BF1D33AB /* petco-park.jpg */,
				4A2DCA6832EB3EA34257AD9B /* PhotoCredits.md */,
				E03715605150AFA658919690 /* pnc-park.jpg */,
				624E01974DC22767C274A10D /* progressive-field.jpg */,
				6ECB03EF2ABB37F958B878C4 /* rogers-centre.jpg */,
				D959A4D7200BB472DE14CD41 /* t-mobile-park.jpg */,
				A20BFC3EA5B851E3C54151AB /* target-field.jpg */,
				F03ED55F50D9B393535D6674 /* tropicana-field.jpg */,
				518F97ECE96655EFA6B78688 /* truist-park.jpg */,
				8D59C0DB294235C0ADF99949 /* wrigley-field.jpg */,
				49BD754C61DB3FE10248FD90 /* yankee-stadium.jpg */,
			);
			path = VenueImages;
			sourceTree = "<group>";
		};
/* End PBXGroup section */

/* Begin PBXNativeTarget section */
		615D911AEE35DEA9AA79D10C /* SeenAtTests */ = {
			isa = PBXNativeTarget;
			buildConfigurationList = 847E8892D94C463FD109E208 /* Build configuration list for PBXNativeTarget "SeenAtTests" */;
			buildPhases = (
				1CE8B9F6FCE7BEFD57723E7B /* Sources */,
			);
			buildRules = (
			);
			dependencies = (
				3D5744ECC6DB19773ABDB2B8 /* PBXTargetDependency */,
			);
			name = SeenAtTests;
			packageProductDependencies = (
			);
			productName = SeenAtTests;
			productReference = FC4B93CE8CA757727622A451 /* SeenAtTests.xctest */;
			productType = "com.apple.product-type.bundle.unit-test";
		};
		760A1B93CA74CA7A0B934D5B /* SeenAtWidget */ = {
			isa = PBXNativeTarget;
			buildConfigurationList = 8563855104DC9A8AD3A08862 /* Build configuration list for PBXNativeTarget "SeenAtWidget" */;
			buildPhases = (
				ECF150C87C9CD7873A5E46B2 /* Sources */,
				40E9FF204D2568C7A911B83F /* Resources */,
			);
			buildRules = (
			);
			dependencies = (
			);
			name = SeenAtWidget;
			packageProductDependencies = (
			);
			productName = SeenAtWidget;
			productReference = C1E1E297E30DBA6FCDD20270 /* SeenAtWidget.appex */;
			productType = "com.apple.product-type.app-extension";
		};
		BDD838E802C0688728C45B11 /* SeenAt */ = {
			isa = PBXNativeTarget;
			buildConfigurationList = B457E2D0A4976BA82CB8E841 /* Build configuration list for PBXNativeTarget "SeenAt" */;
			buildPhases = (
				EAF6CA5C0B5D16A0320EBF4F /* Sources */,
				4FB6D329161A28A9624DCA37 /* Resources */,
			);
			buildRules = (
			);
			dependencies = (
			);
			name = SeenAt;
			packageProductDependencies = (
			);
			productName = SeenAt;
			productReference = 58662D680E0ABD5FB3898567 /* SeenAt.app */;
			productType = "com.apple.product-type.application";
		};
		F4A4DB0970FB7CC7D72D0D17 /* SeenAtUITests */ = {
			isa = PBXNativeTarget;
			buildConfigurationList = 9364CDD294A8FC79695CE420 /* Build configuration list for PBXNativeTarget "SeenAtUITests" */;
			buildPhases = (
				7B18E3210E09D16207EB3C74 /* Sources */,
			);
			buildRules = (
			);
			dependencies = (
				2F6812AE1D1B7A5E391AE5A4 /* PBXTargetDependency */,
			);
			name = SeenAtUITests;
			packageProductDependencies = (
			);
			productName = SeenAtUITests;
			productReference = 3161C36C7DAFCFD912A990D2 /* SeenAtUITests.xctest */;
			productType = "com.apple.product-type.bundle.ui-testing";
		};
/* End PBXNativeTarget section */

/* Begin PBXProject section */
		A2F6811362B045B6A1B3903B /* Project object */ = {
			isa = PBXProject;
			attributes = {
				BuildIndependentTargetsInParallel = YES;
				LastUpgradeCheck = 1430;
				TargetAttributes = {
					615D911AEE35DEA9AA79D10C = {
						DevelopmentTeam = DR9TT398PM;
						ProvisioningStyle = Automatic;
					};
					760A1B93CA74CA7A0B934D5B = {
						DevelopmentTeam = DR9TT398PM;
						ProvisioningStyle = Automatic;
					};
					BDD838E802C0688728C45B11 = {
						DevelopmentTeam = DR9TT398PM;
						ProvisioningStyle = Automatic;
					};
					F4A4DB0970FB7CC7D72D0D17 = {
						DevelopmentTeam = DR9TT398PM;
						ProvisioningStyle = Automatic;
						TestTargetID = BDD838E802C0688728C45B11;
					};
				};
			};
			buildConfigurationList = 65ACC2E276E9DB6A48FFD1B3 /* Build configuration list for PBXProject "SeenAt" */;
			developmentRegion = en;
			hasScannedForEncodings = 0;
			knownRegions = (
				Base,
				en,
			);
			mainGroup = BA7D1FD171662BE863DCE340;
			minimizedProjectReferenceProxies = 1;
			preferredProjectObjectVersion = 77;
			productRefGroup = 51E5DD44D9AA314F5777AD4F /* Products */;
			projectDirPath = "";
			projectRoot = "";
			targets = (
				BDD838E802C0688728C45B11 /* SeenAt */,
				615D911AEE35DEA9AA79D10C /* SeenAtTests */,
				F4A4DB0970FB7CC7D72D0D17 /* SeenAtUITests */,
				760A1B93CA74CA7A0B934D5B /* SeenAtWidget */,
			);
		};
/* End PBXProject section */

/* Begin PBXResourcesBuildPhase section */
		40E9FF204D2568C7A911B83F /* Resources */ = {
			isa = PBXResourcesBuildPhase;
			buildActionMask = 2147483647;
			files = (
				31951369C72660F34562031C /* Urbanist-Bold.ttf in Resources */,
				73BD36F50CA7C1B559496F52 /* Urbanist-Medium.ttf in Resources */,
				8C97A3F0F56B0B1DE1EF21D7 /* Urbanist-Regular.ttf in Resources */,
				6CBEF4BE0F9216DE66A9D638 /* Urbanist-SemiBold.ttf in Resources */,
			);
			runOnlyForDeploymentPostprocessing = 0;
		};
		4FB6D329161A28A9624DCA37 /* Resources */ = {
			isa = PBXResourcesBuildPhase;
			buildActionMask = 2147483647;
			files = (
				7EA3826B4F1DACA12904F40E /* Assets.xcassets in Resources */,
				882236A04BEC49E39988ADB9 /* PhotoCredits.md in Resources */,
				BF9F3B29B384740A2A4693EF /* Urbanist-Bold.ttf in Resources */,
				942202E058FAAA01B40EC574 /* Urbanist-Medium.ttf in Resources */,
				92F9735778B1C2207DB7E704 /* Urbanist-Regular.ttf in Resources */,
				C2BD632C74BAB449DCFE790A /* Urbanist-SemiBold.ttf in Resources */,
				126FBDA77929250F5A66F2C6 /* american-family-field.jpg in Resources */,
				66A102121DD2767E85406B25 /* angel-stadium.jpg in Resources */,
				4ABD4E99031F00DFA3C6D187 /* bell-centre.jpg in Resources */,
				17C4ED574ECB3CCC4BCDCE05 /* busch-stadium.jpg in Resources */,
				67704718B9DDF3A05D19A720 /* chase-field.jpg in Resources */,
				1CE77FD2A217FA490BB4F188 /* citi-field.jpg in Resources */,
				2BB399BD07598649749542DD /* citizens-bank-park.jpg in Resources */,
				5F281D2F8A5CA7A8844131C4 /* coors-field.jpg in Resources */,
				2EE123FFF2EF7EEEC6DF4DB0 /* daikin-park.jpg in Resources */,
				DC4AB3444C8BEE5548CA29D9 /* dodger-stadium.jpg in Resources */,
				DE8B2359F9E56ED61DC39D73 /* fenway-park.jpg in Resources */,
				ADF41BE3BA8DE7B482F5F503 /* globe-life-field.jpg in Resources */,
				A7ACCB4D2720A050E3DBD395 /* great-american-ball-park.jpg in Resources */,
				9571F41D341450E740C09FB0 /* guaranteed-rate-field.jpg in Resources */,
				85703E1F8D2AEE01CC817799 /* kauffman-stadium.jpg in Resources */,
				9C619B42FA898F9A9FCD78A1 /* loandepot-park.jpg in Resources */,
				866CDB1AF92822A2685C2A4F /* minute-maid-park.jpg in Resources */,
				C70CA551EDEF7C8869DD1521 /* nationals-park.jpg in Resources */,
				D6EB882C82C4E7C4469E909E /* oakland-coliseum.jpg in Resources */,
				385F4A66CC3971373210F0F3 /* oracle-park.jpg in Resources */,
				FAB31F8D55B8592B9F0D078D /* oriole-park-at-camden-yards.jpg in Resources */,
				F19683C113DD2E4A4755B435 /* petco-park.jpg in Resources */,
				854B32F237BD4E682045A756 /* pnc-park.jpg in Resources */,
				EF45E73C00535F312F1515FA /* progressive-field.jpg in Resources */,
				5EA6374AE30E96CCF65B9457 /* rogers-centre.jpg in Resources */,
				A12CD5BB2BA76B4E4AEEE04B /* splash-screen-field.jpg in Resources */,
				4E5CA10516AD6A930A7B62C9 /* t-mobile-park.jpg in Resources */,
				C0BAF42A2E08ED04B43B2657 /* target-field.jpg in Resources */,
				A453FB51F3283AD2981D55E4 /* tropicana-field.jpg in Resources */,
				8D5B07E6718DEE3D485930E4 /* truist-park.jpg in Resources */,
				BFA7F26E564CC566550FADEA /* wrigley-field.jpg in Resources */,
				4CA0C02E7AD7915B789B901B /* yankee-stadium.jpg in Resources */,
			);
			runOnlyForDeploymentPostprocessing = 0;
		};
/* End PBXResourcesBuildPhase section */

/* Begin PBXSourcesBuildPhase section */
		1CE8B9F6FCE7BEFD57723E7B /* Sources */ = {
			isa = PBXSourcesBuildPhase;
			buildActionMask = 2147483647;
			files = (
				D781EA88D3B254F9012079FA /* ColorExtensionTests.swift in Sources */,
				7F489EF5C08191699D69A514 /* CreditEntryTests.swift in Sources */,
				7469497059B686D33AEE4210 /* EventActionHandlerTests.swift in Sources */,
				9CD17260EA2DA291908DADED /* EventLifecycleTests.swift in Sources */,
				CF676D4BEC61B12DC8D75D44 /* EventRowTests.swift in Sources */,
				2E0785E0A83989EDE948709C /* EventTests.swift in Sources */,
				67E082AC0C9B0744D0D67420 /* ExportServiceTests.swift in Sources */,
				3FC5573B1C1350B9E9D5AE8F /* GameSortingTests.swift in Sources */,
				870B4EA4C1C74D07CB7A2F56 /* JerseySightingTests.swift in Sources */,
				40A944CF0609EAE68A2D9066 /* MLBAPIServiceTests.swift in Sources */,
				545A7D45FA4C75E0FE59280D /* MockURLProtocol.swift in Sources */,
				7CFF4586E3E34393A35EC25C /* PieChartTests.swift in Sources */,
				440D2216AC5C31341BA754B3 /* SearchViewTests.swift in Sources */,
				42F367B3A5DAA57EBAA5B2CA /* StadiumPhotoServiceTests.swift in Sources */,
				C25A519A167D48D94C38654A /* SwiftDataCRUDTests.swift in Sources */,
				54D5E410CEBD263611525E5C /* TeamSeedServiceTests.swift in Sources */,
				0622486A6CCE23F2EBAE2BD2 /* TeamSortingTests.swift in Sources */,
				A6D0724BE175B10ADD81CA57 /* TeamTests.swift in Sources */,
				3012836679845AD44B5CCB3A /* TestDataFactory.swift in Sources */,
				34BD7A50043B22F1C0091E56 /* TestModelContainer.swift in Sources */,
				D706DB797BE11AD06A4D8101 /* VenueDirectoryTests.swift in Sources */,
			);
			runOnlyForDeploymentPostprocessing = 0;
		};
		7B18E3210E09D16207EB3C74 /* Sources */ = {
			isa = PBXSourcesBuildPhase;
			buildActionMask = 2147483647;
			files = (
				4D5BB63D464ADF4E3932203E /* ScreenshotUITests.swift in Sources */,
			);
			runOnlyForDeploymentPostprocessing = 0;
		};
		EAF6CA5C0B5D16A0320EBF4F /* Sources */ = {
			isa = PBXSourcesBuildPhase;
			buildActionMask = 2147483647;
			files = (
				32CBF1991AAB2011F1BA52FB /* ActivityViewController.swift in Sources */,
				F2CC56CBAC266F6CFE505D1B /* AddSightingView.swift in Sources */,
				D609B6B2C4097B3112DDDFFF /* ChartToggle.swift in Sources */,
				17ECCA753B393F291979F114 /* Color+Hex.swift in Sources */,
				B788D75447BEF4AFBB32FC0C /* Color+Luminance.swift in Sources */,
				4D882CD3F6F7D47B43B8FD3D /* ContentView.swift in Sources */,
				4BE5C11C257569C713C73AEB /* CreditDetailView.swift in Sources */,
				6FCF37A9681BC264F3C36B30 /* CreditsView.swift in Sources */,
				EC8B2A431B3EB17A6491F718 /* ESPNService.swift in Sources */,
				6E2E0AA10714DC4BB46A53E1 /* Event.swift in Sources */,
				604D06B1CFBC55105AD13D57 /* EventActionHandler.swift in Sources */,
				9849F7AA880B8ADDC667E220 /* EventFormView.swift in Sources */,
				D0E7EB02F41D8CF6B3F2DAA0 /* EventSummaryView.swift in Sources */,
				6C8A7350565D58FC9C29F610 /* ExportService.swift in Sources */,
				31571970CEB6D0993BFDC7E4 /* FavoriteTeamsView.swift in Sources */,
				D14B065F15CAFB096BC4A874 /* Font+Urbanist.swift in Sources */,
				9325B7D07D3D8C7EEB44CD04 /* GameSorting.swift in Sources */,
				22B41B8A2C32F3C5FBB2759F /* HomeView.swift in Sources */,
				5864E22E9735F06852200ECC /* JerseySighting.swift in Sources */,
				0374E4CECF1E7B519B55F9D6 /* LOVBTeams.swift in Sources */,
				988A5AD444BF7B28BE21D5DA /* LeagueAPIService.swift in Sources */,
				AEAA7334C1D62A5B3810188D /* LeagueGame.swift in Sources */,
				BF5ADD074B19025DA5688B64 /* LiveActivityManager.swift in Sources */,
				671D7B154522703FC0896373 /* LiveTrackingView.swift in Sources */,
				330A1A53A79189E262E77E33 /* MLBAPIService.swift in Sources */,
				3FE691CC39AF55D0C10B1FDB /* MLBTeams.swift in Sources */,
				46F593DA65712CAE2288FD0A /* MLSTeams.swift in Sources */,
				705BF30ECF55D8B76E112EDB /* NBATeams.swift in Sources */,
				50D0F9E33C0FEF72913480D3 /* NFLTeams.swift in Sources */,
				9F97656A3A662776E5C6246A /* NHLAPIService.swift in Sources */,
				706E3F96206C4B44E02731E2 /* NHLTeams.swift in Sources */,
				0831C675F872FBF66FE2A7EC /* PhotoCreditsView.swift in Sources */,
				9D2039B42FF0B80F0789C202 /* SchemaMigration.swift in Sources */,
				2FE2E59B93EBF38EC3ADFD2E /* SearchView.swift in Sources */,
				35FEA209574B5095AD4BC384 /* SeedData.swift in Sources */,
				B1B347FD3F3A8B8337AF3AC1 /* SeenAtActivityAttributes.swift in Sources */,
				CC73E3DABD4E63A8D0CA7764 /* SeenAtApp.swift in Sources */,
				E99E9FAE935C6F40D5CBA521 /* SettingsView.swift in Sources */,
				448A872818AC66568C99A4C2 /* SplashView.swift in Sources */,
				E4ED3A5B007F0991AB683EDE /* StadiumPhotoService.swift in Sources */,
				39FECB4B690F49A4B1509854 /* StatsView.swift in Sources */,
				9E5DFFD528751099893D6065 /* SummaryCardView.swift in Sources */,
				5BF8BFCA8D1BFA4E656E2B29 /* Team.swift in Sources */,
				F3EC6F11701696EC440CA63C /* TeamPieChart.swift in Sources */,
				AFEECC9C480DAD544556CBDE /* TeamSeedService.swift in Sources */,
				A1CCB3B2C4E1C9699C17E107 /* TeamSorting.swift in Sources */,
				4B931C82A535C3D838F2D4D6 /* VenueDirectory.swift in Sources */,
				802E268AD7CA443FA2F8EE88 /* VenueImageService.swift in Sources */,
			);
			runOnlyForDeploymentPostprocessing = 0;
		};
		ECF150C87C9CD7873A5E46B2 /* Sources */ = {
			isa = PBXSourcesBuildPhase;
			buildActionMask = 2147483647;
			files = (
				9B445276BCDF2FE84C579983 /* Font+Urbanist.swift in Sources */,
				13EFC1E966CC5A2F51178CFD /* SeenAtActivityAttributes.swift in Sources */,
				B23D581368B6251C563682A0 /* SeenAtLiveActivity.swift in Sources */,
			);
			runOnlyForDeploymentPostprocessing = 0;
		};
/* End PBXSourcesBuildPhase section */

/* Begin PBXTargetDependency section */
		2F6812AE1D1B7A5E391AE5A4 /* PBXTargetDependency */ = {
			isa = PBXTargetDependency;
			target = BDD838E802C0688728C45B11 /* SeenAt */;
			targetProxy = 8CA091E03F5058FC93519501 /* PBXContainerItemProxy */;
		};
		3D5744ECC6DB19773ABDB2B8 /* PBXTargetDependency */ = {
			isa = PBXTargetDependency;
			target = BDD838E802C0688728C45B11 /* SeenAt */;
			targetProxy = 23E65DFA5009D5A06E89D131 /* PBXContainerItemProxy */;
		};
/* End PBXTargetDependency section */

/* Begin XCBuildConfiguration section */
		10D9A2C8C977D5F236397245 /* Release */ = {
			isa = XCBuildConfiguration;
			buildSettings = {
				ALWAYS_SEARCH_USER_PATHS = NO;
				CLANG_ANALYZER_NONNULL = YES;
				CLANG_ANALYZER_NUMBER_OBJECT_CONVERSION = YES_AGGRESSIVE;
				CLANG_CXX_LANGUAGE_STANDARD = "gnu++14";
				CLANG_CXX_LIBRARY = "libc++";
				CLANG_ENABLE_MODULES = YES;
				CLANG_ENABLE_OBJC_ARC = YES;
				CLANG_ENABLE_OBJC_WEAK = YES;
				CLANG_WARN_BLOCK_CAPTURE_AUTORELEASING = YES;
				CLANG_WARN_BOOL_CONVERSION = YES;
				CLANG_WARN_COMMA = YES;
				CLANG_WARN_CONSTANT_CONVERSION = YES;
				CLANG_WARN_DEPRECATED_OBJC_IMPLEMENTATIONS = YES;
				CLANG_WARN_DIRECT_OBJC_ISA_USAGE = YES_ERROR;
				CLANG_WARN_DOCUMENTATION_COMMENTS = YES;
				CLANG_WARN_EMPTY_BODY = YES;
				CLANG_WARN_ENUM_CONVERSION = YES;
				CLANG_WARN_INFINITE_RECURSION = YES;
				CLANG_WARN_INT_CONVERSION = YES;
				CLANG_WARN_NON_LITERAL_NULL_CONVERSION = YES;
				CLANG_WARN_OBJC_IMPLICIT_RETAIN_SELF = YES;
				CLANG_WARN_OBJC_LITERAL_CONVERSION = YES;
				CLANG_WARN_OBJC_ROOT_CLASS = YES_ERROR;
				CLANG_WARN_QUOTED_INCLUDE_IN_FRAMEWORK_HEADER = YES;
				CLANG_WARN_RANGE_LOOP_ANALYSIS = YES;
				CLANG_WARN_STRICT_PROTOTYPES = YES;
				CLANG_WARN_SUSPICIOUS_MOVE = YES;
				CLANG_WARN_UNGUARDED_AVAILABILITY = YES_AGGRESSIVE;
				CLANG_WARN_UNREACHABLE_CODE = YES;
				CLANG_WARN__DUPLICATE_METHOD_MATCH = YES;
				COPY_PHASE_STRIP = NO;
				CURRENT_PROJECT_VERSION = 1;
				DEBUG_INFORMATION_FORMAT = "dwarf-with-dsym";
				ENABLE_NS_ASSERTIONS = NO;
				ENABLE_STRICT_OBJC_MSGSEND = YES;
				GCC_C_LANGUAGE_STANDARD = gnu11;
				GCC_NO_COMMON_BLOCKS = YES;
				GCC_WARN_64_TO_32_BIT_CONVERSION = YES;
				GCC_WARN_ABOUT_RETURN_TYPE = YES_ERROR;
				GCC_WARN_UNDECLARED_SELECTOR = YES;
				GCC_WARN_UNINITIALIZED_AUTOS = YES_AGGRESSIVE;
				GCC_WARN_UNUSED_FUNCTION = YES;
				GCC_WARN_UNUSED_VARIABLE = YES;
				IPHONEOS_DEPLOYMENT_TARGET = 17.0;
				MARKETING_VERSION = 1.0.0;
				MTL_ENABLE_DEBUG_INFO = NO;
				MTL_FAST_MATH = YES;
				PRODUCT_NAME = "$(TARGET_NAME)";
				SDKROOT = iphoneos;
				SWIFT_COMPILATION_MODE = wholemodule;
				SWIFT_OPTIMIZATION_LEVEL = "-O";
				SWIFT_VERSION = 6.0;
			};
			name = Release;
		};
		32B537E8590A828EFDD7DE7F /* Release */ = {
			isa = XCBuildConfiguration;
			buildSettings = {
				BUNDLE_LOADER = "$(TEST_HOST)";
				CODE_SIGN_STYLE = Automatic;
				DEVELOPMENT_TEAM = DR9TT398PM;
				GENERATE_INFOPLIST_FILE = YES;
				LD_RUNPATH_SEARCH_PATHS = (
					"$(inherited)",
					"@executable_path/Frameworks",
					"@loader_path/Frameworks",
				);
				PRODUCT_BUNDLE_IDENTIFIER = com.seenat.app.tests;
				SDKROOT = iphoneos;
				TARGETED_DEVICE_FAMILY = 1;
				TEST_HOST = "$(BUILT_PRODUCTS_DIR)/SeenAt.app/SeenAt";
			};
			name = Release;
		};
		4161AAE769C9F74FF6C946D1 /* Debug */ = {
			isa = XCBuildConfiguration;
			buildSettings = {
				CODE_SIGN_STYLE = Automatic;
				DEVELOPMENT_TEAM = DR9TT398PM;
				GENERATE_INFOPLIST_FILE = NO;
				INFOPLIST_FILE = SeenAtWidget/Info.plist;
				LD_RUNPATH_SEARCH_PATHS = (
					"$(inherited)",
					"@executable_path/Frameworks",
					"@executable_path/../../Frameworks",
				);
				PRODUCT_BUNDLE_IDENTIFIER = com.seenat.app.widget;
				PRODUCT_NAME = SeenAtWidget;
				SDKROOT = iphoneos;
				TARGETED_DEVICE_FAMILY = "1,2";
			};
			name = Debug;
		};
		4632BD105D81284AA61223BF /* Debug */ = {
			isa = XCBuildConfiguration;
			buildSettings = {
				BUNDLE_LOADER = "$(TEST_HOST)";
				CODE_SIGN_STYLE = Automatic;
				DEVELOPMENT_TEAM = DR9TT398PM;
				GENERATE_INFOPLIST_FILE = YES;
				LD_RUNPATH_SEARCH_PATHS = (
					"$(inherited)",
					"@executable_path/Frameworks",
					"@loader_path/Frameworks",
				);
				PRODUCT_BUNDLE_IDENTIFIER = com.seenat.app.uitests;
				SDKROOT = iphoneos;
				TARGETED_DEVICE_FAMILY = 1;
				TEST_TARGET_NAME = SeenAt;
			};
			name = Debug;
		};
		47A23D06E583EE6DC388172F /* Release */ = {
			isa = XCBuildConfiguration;
			buildSettings = {
				BUNDLE_LOADER = "$(TEST_HOST)";
				CODE_SIGN_STYLE = Automatic;
				DEVELOPMENT_TEAM = DR9TT398PM;
				GENERATE_INFOPLIST_FILE = YES;
				LD_RUNPATH_SEARCH_PATHS = (
					"$(inherited)",
					"@executable_path/Frameworks",
					"@loader_path/Frameworks",
				);
				PRODUCT_BUNDLE_IDENTIFIER = com.seenat.app.uitests;
				SDKROOT = iphoneos;
				TARGETED_DEVICE_FAMILY = 1;
				TEST_TARGET_NAME = SeenAt;
			};
			name = Release;
		};
		5D6094ED78BA677844E019F1 /* Release */ = {
			isa = XCBuildConfiguration;
			buildSettings = {
				CODE_SIGN_STYLE = Automatic;
				DEVELOPMENT_TEAM = DR9TT398PM;
				GENERATE_INFOPLIST_FILE = NO;
				INFOPLIST_FILE = SeenAtWidget/Info.plist;
				LD_RUNPATH_SEARCH_PATHS = (
					"$(inherited)",
					"@executable_path/Frameworks",
					"@executable_path/../../Frameworks",
				);
				PRODUCT_BUNDLE_IDENTIFIER = com.seenat.app.widget;
				PRODUCT_NAME = SeenAtWidget;
				SDKROOT = iphoneos;
				TARGETED_DEVICE_FAMILY = "1,2";
			};
			name = Release;
		};
		65ED0B1833389FA3C7481FBC /* Debug */ = {
			isa = XCBuildConfiguration;
			buildSettings = {
				BUNDLE_LOADER = "$(TEST_HOST)";
				CODE_SIGN_STYLE = Automatic;
				DEVELOPMENT_TEAM = DR9TT398PM;
				GENERATE_INFOPLIST_FILE = YES;
				LD_RUNPATH_SEARCH_PATHS = (
					"$(inherited)",
					"@executable_path/Frameworks",
					"@loader_path/Frameworks",
				);
				PRODUCT_BUNDLE_IDENTIFIER = com.seenat.app.tests;
				SDKROOT = iphoneos;
				TARGETED_DEVICE_FAMILY = 1;
				TEST_HOST = "$(BUILT_PRODUCTS_DIR)/SeenAt.app/SeenAt";
			};
			name = Debug;
		};
		9D53F99BE4E4E05E744595F6 /* Debug */ = {
			isa = XCBuildConfiguration;
			buildSettings = {
				ALWAYS_SEARCH_USER_PATHS = NO;
				CLANG_ANALYZER_NONNULL = YES;
				CLANG_ANALYZER_NUMBER_OBJECT_CONVERSION = YES_AGGRESSIVE;
				CLANG_CXX_LANGUAGE_STANDARD = "gnu++14";
				CLANG_CXX_LIBRARY = "libc++";
				CLANG_ENABLE_MODULES = YES;
				CLANG_ENABLE_OBJC_ARC = YES;
				CLANG_ENABLE_OBJC_WEAK = YES;
				CLANG_WARN_BLOCK_CAPTURE_AUTORELEASING = YES;
				CLANG_WARN_BOOL_CONVERSION = YES;
				CLANG_WARN_COMMA = YES;
				CLANG_WARN_CONSTANT_CONVERSION = YES;
				CLANG_WARN_DEPRECATED_OBJC_IMPLEMENTATIONS = YES;
				CLANG_WARN_DIRECT_OBJC_ISA_USAGE = YES_ERROR;
				CLANG_WARN_DOCUMENTATION_COMMENTS = YES;
				CLANG_WARN_EMPTY_BODY = YES;
				CLANG_WARN_ENUM_CONVERSION = YES;
				CLANG_WARN_INFINITE_RECURSION = YES;
				CLANG_WARN_INT_CONVERSION = YES;
				CLANG_WARN_NON_LITERAL_NULL_CONVERSION = YES;
				CLANG_WARN_OBJC_IMPLICIT_RETAIN_SELF = YES;
				CLANG_WARN_OBJC_LITERAL_CONVERSION = YES;
				CLANG_WARN_OBJC_ROOT_CLASS = YES_ERROR;
				CLANG_WARN_QUOTED_INCLUDE_IN_FRAMEWORK_HEADER = YES;
				CLANG_WARN_RANGE_LOOP_ANALYSIS = YES;
				CLANG_WARN_STRICT_PROTOTYPES = YES;
				CLANG_WARN_SUSPICIOUS_MOVE = YES;
				CLANG_WARN_UNGUARDED_AVAILABILITY = YES_AGGRESSIVE;
				CLANG_WARN_UNREACHABLE_CODE = YES;
				CLANG_WARN__DUPLICATE_METHOD_MATCH = YES;
				COPY_PHASE_STRIP = NO;
				CURRENT_PROJECT_VERSION = 1;
				DEBUG_INFORMATION_FORMAT = dwarf;
				ENABLE_STRICT_OBJC_MSGSEND = YES;
				ENABLE_TESTABILITY = YES;
				GCC_C_LANGUAGE_STANDARD = gnu11;
				GCC_DYNAMIC_NO_PIC = NO;
				GCC_NO_COMMON_BLOCKS = YES;
				GCC_OPTIMIZATION_LEVEL = 0;
				GCC_PREPROCESSOR_DEFINITIONS = (
					"$(inherited)",
					"DEBUG=1",
				);
				GCC_WARN_64_TO_32_BIT_CONVERSION = YES;
				GCC_WARN_ABOUT_RETURN_TYPE = YES_ERROR;
				GCC_WARN_UNDECLARED_SELECTOR = YES;
				GCC_WARN_UNINITIALIZED_AUTOS = YES_AGGRESSIVE;
				GCC_WARN_UNUSED_FUNCTION = YES;
				GCC_WARN_UNUSED_VARIABLE = YES;
				IPHONEOS_DEPLOYMENT_TARGET = 17.0;
				MARKETING_VERSION = 1.0.0;
				MTL_ENABLE_DEBUG_INFO = INCLUDE_SOURCE;
				MTL_FAST_MATH = YES;
				ONLY_ACTIVE_ARCH = YES;
				PRODUCT_NAME = "$(TARGET_NAME)";
				SDKROOT = iphoneos;
				SWIFT_ACTIVE_COMPILATION_CONDITIONS = DEBUG;
				SWIFT_OPTIMIZATION_LEVEL = "-Onone";
				SWIFT_VERSION = 6.0;
			};
			name = Debug;
		};
		B73717B246BF855A8A06BD60 /* Debug */ = {
			isa = XCBuildConfiguration;
			buildSettings = {
				ALWAYS_SEARCH_USER_PATHS = NO;
				ASSETCATALOG_COMPILER_APPICON_NAME = AppIcon;
				CODE_SIGN_IDENTITY = "iPhone Developer";
				CODE_SIGN_STYLE = Automatic;
				DEVELOPMENT_TEAM = DR9TT398PM;
				INFOPLIST_FILE = SeenAt/Info.plist;
				LD_RUNPATH_SEARCH_PATHS = (
					"$(inherited)",
					"@executable_path/Frameworks",
				);
				PRODUCT_BUNDLE_IDENTIFIER = com.seenat.app;
				PRODUCT_NAME = SeenAt;
				SDKROOT = iphoneos;
				TARGETED_DEVICE_FAMILY = 1;
			};
			name = Debug;
		};
		E53DA3B1D8DCC77081DAF534 /* Release */ = {
			isa = XCBuildConfiguration;
			buildSettings = {
				ALWAYS_SEARCH_USER_PATHS = NO;
				ASSETCATALOG_COMPILER_APPICON_NAME = AppIcon;
				CODE_SIGN_IDENTITY = "iPhone Developer";
				CODE_SIGN_STYLE = Automatic;
				DEVELOPMENT_TEAM = DR9TT398PM;
				INFOPLIST_FILE = SeenAt/Info.plist;
				LD_RUNPATH_SEARCH_PATHS = (
					"$(inherited)",
					"@executable_path/Frameworks",
				);
				PRODUCT_BUNDLE_IDENTIFIER = com.seenat.app;
				PRODUCT_NAME = SeenAt;
				SDKROOT = iphoneos;
				TARGETED_DEVICE_FAMILY = 1;
			};
			name = Release;
		};
/* End XCBuildConfiguration section */

/* Begin XCConfigurationList section */
		65ACC2E276E9DB6A48FFD1B3 /* Build configuration list for PBXProject "SeenAt" */ = {
			isa = XCConfigurationList;
			buildConfigurations = (
				9D53F99BE4E4E05E744595F6 /* Debug */,
				10D9A2C8C977D5F236397245 /* Release */,
			);
			defaultConfigurationIsVisible = 0;
			defaultConfigurationName = Debug;
		};
		847E8892D94C463FD109E208 /* Build configuration list for PBXNativeTarget "SeenAtTests" */ = {
			isa = XCConfigurationList;
			buildConfigurations = (
				65ED0B1833389FA3C7481FBC /* Debug */,
				32B537E8590A828EFDD7DE7F /* Release */,
			);
			defaultConfigurationIsVisible = 0;
			defaultConfigurationName = Debug;
		};
		8563855104DC9A8AD3A08862 /* Build configuration list for PBXNativeTarget "SeenAtWidget" */ = {
			isa = XCConfigurationList;
			buildConfigurations = (
				4161AAE769C9F74FF6C946D1 /* Debug */,
				5D6094ED78BA677844E019F1 /* Release */,
			);
			defaultConfigurationIsVisible = 0;
			defaultConfigurationName = Debug;
		};
		9364CDD294A8FC79695CE420 /* Build configuration list for PBXNativeTarget "SeenAtUITests" */ = {
			isa = XCConfigurationList;
			buildConfigurations = (
				4632BD105D81284AA61223BF /* Debug */,
				47A23D06E583EE6DC388172F /* Release */,
			);
			defaultConfigurationIsVisible = 0;
			defaultConfigurationName = Debug;
		};
		B457E2D0A4976BA82CB8E841 /* Build configuration list for PBXNativeTarget "SeenAt" */ = {
			isa = XCConfigurationList;
			buildConfigurations = (
				B73717B246BF855A8A06BD60 /* Debug */,
				E53DA3B1D8DCC77081DAF534 /* Release */,
			);
			defaultConfigurationIsVisible = 0;
			defaultConfigurationName = Debug;
		};
/* End XCConfigurationList section */
	};
	rootObject = A2F6811362B045B6A1B3903B /* Project object */;
}
